// !$*UTF8*$!
{
	archiveVersion = 1;
	classes = {
	};
	objectVersion = 56;
	objects = {

/* Begin PBXBuildFile section */
		82D3D7902A2F4799006A422B /* chatOnlineApp.swift in Sources */ = {isa = PBXBuildFile; fileRef = 82D3D78F2A2F4799006A422B /* chatOnlineApp.swift */; };
		82D3D7922A2F4799006A422B /* ContentView.swift in Sources */ = {isa = PBXBuildFile; fileRef = 82D3D7912A2F4799006A422B /* ContentView.swift */; };
		82D3D7942A2F479B006A422B /* Assets.xcassets in Resources */ = {isa = PBXBuildFile; fileRef = 82D3D7932A2F479B006A422B /* Assets.xcassets */; };
		82D3D7972A2F479B006A422B /* Preview Assets.xcassets in Resources */ = {isa = PBXBuildFile; fileRef = 82D3D7962A2F479B006A422B /* Preview Assets.xcassets */; };
		82D3D7992A2F479B006A422B /* Persistence.swift in Sources */ = {isa = PBXBuildFile; fileRef = 82D3D7982A2F479B006A422B /* Persistence.swift */; };
		82D3D79C2A2F479B006A422B /* chatOnline.xcdatamodeld in Sources */ = {isa = PBXBuildFile; fileRef = 82D3D79A2A2F479B006A422B /* chatOnline.xcdatamodeld */; };
		82D3D7A62A2F479B006A422B /* chatOnlineTests.swift in Sources */ = {isa = PBXBuildFile; fileRef = 82D3D7A52A2F479B006A422B /* chatOnlineTests.swift */; };
		82D3D7B02A2F479B006A422B /* chatOnlineUITests.swift in Sources */ = {isa = PBXBuildFile; fileRef = 82D3D7AF2A2F479B006A422B /* chatOnlineUITests.swift */; };
		82D3D7B22A2F479B006A422B /* chatOnlineUITestsLaunchTests.swift in Sources */ = {isa = PBXBuildFile; fileRef = 82D3D7B12A2F479B006A422B /* chatOnlineUITestsLaunchTests.swift */; };
/* End PBXBuildFile section */

/* Begin PBXContainerItemProxy section */
		82D3D7A22A2F479B006A422B /* PBXContainerItemProxy */ = {
			isa = PBXContainerItemProxy;
			containerPortal = 82D3D7842A2F4799006A422B /* Project object */;
			proxyType = 1;
			remoteGlobalIDString = 82D3D78B2A2F4799006A422B;
			remoteInfo = chatOnline;
		};
		82D3D7AC2A2F479B006A422B /* PBXContainerItemProxy */ = {
			isa = PBXContainerItemProxy;
			containerPortal = 82D3D7842A2F4799006A422B /* Project object */;
			proxyType = 1;
			remoteGlobalIDString = 82D3D78B2A2F4799006A422B;
			remoteInfo = chatOnline;
		};
/* End PBXContainerItemProxy section */

/* Begin PBXFileReference section */
		82D3D78C2A2F4799006A422B /* chatOnline.app */ = {isa = PBXFileReference; explicitFileType = wrapper.application; includeInIndex = 0; path = chatOnline.app; sourceTree = BUILT_PRODUCTS_DIR; };
		82D3D78F2A2F4799006A422B /* chatOnlineApp.swift */ = {isa = PBXFileReference; lastKnownFileType = sourcecode.swift; path = chatOnlineApp.swift; sourceTree = "<group>"; };
		82D3D7912A2F4799006A422B /* ContentView.swift */ = {isa = PBXFileReference; lastKnownFileType = sourcecode.swift; path = ContentView.swift; sourceTree = "<group>"; };
		82D3D7932A2F479B006A422B /* Assets.xcassets */ = {isa = PBXFileReference; lastKnownFileType = folder.assetcatalog; path = Assets.xcassets; sourceTree = "<group>"; };
		82D3D7962A2F479B006A422B /* Preview Assets.xcassets */ = {isa = PBXFileReference; lastKnownFileType = folder.assetcatalog; path = "Preview Assets.xcassets"; sourceTree = "<group>"; };
		82D3D7982A2F479B006A422B /* Persistence.swift */ = {isa = PBXFileReference; lastKnownFileType = sourcecode.swift; path = Persistence.swift; sourceTree = "<group>"; };
		82D3D79B2A2F479B006A422B /* chatOnline.xcdatamodel */ = {isa = PBXFileReference; lastKnownFileType = wrapper.xcdatamodel; path = chatOnline.xcdatamodel; sourceTree = "<group>"; };
		82D3D7A12A2F479B006A422B /* chatOnlineTests.xctest */ = {isa = PBXFileReference; explicitFileType = wrapper.cfbundle; includeInIndex = 0; path = chatOnlineTests.xctest; sourceTree = BUILT_PRODUCTS_DIR; };
		82D3D7A52A2F479B006A422B /* chatOnlineTests.swift */ = {isa = PBXFileReference; lastKnownFileType = sourcecode.swift; path = chatOnlineTests.swift; sourceTree = "<group>"; };
		82D3D7AB2A2F479B006A422B /* chatOnlineUITests.xctest */ = {isa = PBXFileReference; explicitFileType = wrapper.cfbundle; includeInIndex = 0; path = chatOnlineUITests.xctest; sourceTree = BUILT_PRODUCTS_DIR; };
		82D3D7AF2A2F479B006A422B /* chatOnlineUITests.swift */ = {isa = PBXFileReference; lastKnownFileType = sourcecode.swift; path = chatOnlineUITests.swift; sourceTree = "<group>"; };
		82D3D7B12A2F479B006A422B /* chatOnlineUITestsLaunchTests.swift */ = {isa = PBXFileReference; lastKnownFileType = sourcecode.swift; path = chatOnlineUITestsLaunchTests.swift; sourceTree = "<group>"; };
/* End PBXFileReference section */

/* Begin PBXFrameworksBuildPhase section */
		82D3D7892A2F4799006A422B /* Frameworks */ = {
			isa = PBXFrameworksBuildPhase;
			buildActionMask = 2147483647;
			files = (
			);
			runOnlyForDeploymentPostprocessing = 0;
		};
		82D3D79E2A2F479B006A422B /* Frameworks */ = {
			isa = PBXFrameworksBuildPhase;
			buildActionMask = 2147483647;
			files = (
			);
			runOnlyForDeploymentPostprocessing = 0;
		};
		82D3D7A82A2F479B006A422B /* Frameworks */ = {
			isa = PBXFrameworksBuildPhase;
			buildActionMask = 2147483647;
			files = (
			);
			runOnlyForDeploymentPostprocessing = 0;
		};
/* End PBXFrameworksBuildPhase section */

/* Begin PBXGroup section */
		82D3D7832A2F4799006A422B = {
			isa = PBXGroup;
			children = (
				82D3D78E2A2F4799006A422B /* chatOnline */,
				82D3D7A42A2F479B006A422B /* chatOnlineTests */,
				82D3D7AE2A2F479B006A422B /* chatOnlineUITests */,
				82D3D78D2A2F4799006A422B /* Products */,
			);
			sourceTree = "<group>";
		};
		82D3D78D2A2F4799006A422B /* Products */ = {
			isa = PBXGroup;
			children = (
				82D3D78C2A2F4799006A422B /* chatOnline.app */,
				82D3D7A12A2F479B006A422B /* chatOnlineTests.xctest */,
				82D3D7AB2A2F479B006A422B /* chatOnlineUITests.xctest */,
			);
			name = Products;
			sourceTree = "<group>";
		};
		82D3D78E2A2F4799006A422B /* chatOnline */ = {
			isa = PBXGroup;
			children = (
				82D3D78F2A2F4799006A422B /* chatOnlineApp.swift */,
				82D3D7912A2F4799006A422B /* ContentView.swift */,
				82D3D7932A2F479B006A422B /* Assets.xcassets */,
				82D3D7982A2F479B006A422B /* Persistence.swift */,
				82D3D79A2A2F479B006A422B /* chatOnline.xcdatamodeld */,
				82D3D7952A2F479B006A422B /* Preview Content */,
			);
			path = chatOnline;
			sourceTree = "<group>";
		};
		82D3D7952A2F479B006A422B /* Preview Content */ = {
			isa = PBXGroup;
			children = (
				82D3D7962A2F479B006A422B /* Preview Assets.xcassets */,
			);
			path = "Preview Content";
			sourceTree = "<group>";
		};
		82D3D7A42A2F479B006A422B /* chatOnlineTests */ = {
			isa = PBXGroup;
			children = (
				82D3D7A52A2F479B006A422B /* chatOnlineTests.swift */,
			);
			path = chatOnlineTests;
			sourceTree = "<group>";
		};
		82D3D7AE2A2F479B006A422B /* chatOnlineUITests */ = {
			isa = PBXGroup;
			children = (
				82D3D7AF2A2F479B006A422B /* chatOnlineUITests.swift */,
				82D3D7B12A2F479B006A422B /* chatOnlineUITestsLaunchTests.swift */,
			);
			path = chatOnlineUITests;
			sourceTree = "<group>";
		};
/* End PBXGroup section */

/* Begin PBXNativeTarget section */
		82D3D78B2A2F4799006A422B /* chatOnline */ = {
			isa = PBXNativeTarget;
			buildConfigurationList = 82D3D7B52A2F479B006A422B /* Build configuration list for PBXNativeTarget "chatOnline" */;
			buildPhases = (
				82D3D7882A2F4799006A422B /* Sources */,
				82D3D7892A2F4799006A422B /* Frameworks */,
				82D3D78A2A2F4799006A422B /* Resources */,
			);
			buildRules = (
			);
			dependencies = (
			);
			name = chatOnline;
			productName = chatOnline;
			productReference = 82D3D78C2A2F4799006A422B /* chatOnline.app */;
			productType = "com.apple.product-type.application";
		};
		82D3D7A02A2F479B006A422B /* chatOnlineTests */ = {
			isa = PBXNativeTarget;
			buildConfigurationList = 82D3D7B82A2F479B006A422B /* Build configuration list for PBXNativeTarget "chatOnlineTests" */;
			buildPhases = (
				82D3D79D2A2F479B006A422B /* Sources */,
				82D3D79E2A2F479B006A422B /* Frameworks */,
				82D3D79F2A2F479B006A422B /* Resources */,
			);
			buildRules = (
			);
			dependencies = (
				82D3D7A32A2F479B006A422B /* PBXTargetDependency */,
			);
			name = chatOnlineTests;
			productName = chatOnlineTests;
			productReference = 82D3D7A12A2F479B006A422B /* chatOnlineTests.xctest */;
			productType = "com.apple.product-type.bundle.unit-test";
		};
		82D3D7AA2A2F479B006A422B /* chatOnlineUITests */ = {
			isa = PBXNativeTarget;
			buildConfigurationList = 82D3D7BB2A2F479B006A422B /* Build configuration list for PBXNativeTarget "chatOnlineUITests" */;
			buildPhases = (
				82D3D7A72A2F479B006A422B /* Sources */,
				82D3D7A82A2F479B006A422B /* Frameworks */,
				82D3D7A92A2F479B006A422B /* Resources */,
			);
			buildRules = (
			);
			dependencies = (
				82D3D7AD2A2F479B006A422B /* PBXTargetDependency */,
			);
			name = chatOnlineUITests;
			productName = chatOnlineUITests;
			productReference = 82D3D7AB2A2F479B006A422B /* chatOnlineUITests.xctest */;
			productType = "com.apple.product-type.bundle.ui-testing";
		};
/* End PBXNativeTarget section */

/* Begin PBXProject section */
		82D3D7842A2F4799006A422B /* Project object */ = {
			isa = PBXProject;
			attributes = {
				BuildIndependentTargetsInParallel = 1;
				LastSwiftUpdateCheck = 1400;
				LastUpgradeCheck = 1400;
				TargetAttributes = {
					82D3D78B2A2F4799006A422B = {
						CreatedOnToolsVersion = 14.0.1;
					};
					82D3D7A02A2F479B006A422B = {
						CreatedOnToolsVersion = 14.0.1;
						TestTargetID = 82D3D78B2A2F4799006A422B;
					};
					82D3D7AA2A2F479B006A422B = {
						CreatedOnToolsVersion = 14.0.1;
						TestTargetID = 82D3D78B2A2F4799006A422B;
					};
				};
			};
			buildConfigurationList = 82D3D7872A2F4799006A422B /* Build configuration list for PBXProject "chatOnline" */;
			compatibilityVersion = "Xcode 14.0";
			developmentRegion = en;
			hasScannedForEncodings = 0;
			knownRegions = (
				en,
				Base,
			);
			mainGroup = 82D3D7832A2F4799006A422B;
			productRefGroup = 82D3D78D2A2F4799006A422B /* Products */;
			projectDirPath = "";
			projectRoot = "";
			targets = (
				82D3D78B2A2F4799006A422B /* chatOnline */,
				82D3D7A02A2F479B006A422B /* chatOnlineTests */,
				82D3D7AA2A2F479B006A422B /* chatOnlineUITests */,
			);
		};
/* End PBXProject section */

/* Begin PBXResourcesBuildPhase section */
		82D3D78A2A2F4799006A422B /* Resources */ = {
			isa = PBXResourcesBuildPhase;
			buildActionMask = 2147483647;
			files = (
				82D3D7972A2F479B006A422B /* Preview Assets.xcassets in Resources */,
				82D3D7942A2F479B006A422B /* Assets.xcassets in Resources */,
			);
			runOnlyForDeploymentPostprocessing = 0;
		};
		82D3D79F2A2F479B006A422B /* Resources */ = {
			isa = PBXResourcesBuildPhase;
			buildActionMask = 2147483647;
			files = (
			);
			runOnlyForDeploymentPostprocessing = 0;
		};
		82D3D7A92A2F479B006A422B /* Resources */ = {
			isa = PBXResourcesBuildPhase;
			buildActionMask = 2147483647;
			files = (
			);
			runOnlyForDeploymentPostprocessing = 0;
		};
/* End PBXResourcesBuildPhase section */

/* Begin PBXSourcesBuildPhase section */
		82D3D7882A2F4799006A422B /* Sources */ = {
			isa = PBXSourcesBuildPhase;
			buildActionMask = 2147483647;
			files = (
				82D3D79C2A2F479B006A422B /* chatOnline.xcdatamodeld in Sources */,
				82D3D7992A2F479B006A422B /* Persistence.swift in Sources */,
				82D3D7922A2F4799006A422B /* ContentView.swift in Sources */,
				82D3D7902A2F4799006A422B /* chatOnlineApp.swift in Sources */,
			);
			runOnlyForDeploymentPostprocessing = 0;
		};
		82D3D79D2A2F479B006A422B /* Sources */ = {
			isa = PBXSourcesBuildPhase;
			buildActionMask = 2147483647;
			files = (
				82D3D7A62A2F479B006A422B /* chatOnlineTests.swift in Sources */,
			);
			runOnlyForDeploymentPostprocessing = 0;
		};
		82D3D7A72A2F479B006A422B /* Sources */ = {
			isa = PBXSourcesBuildPhase;
			buildActionMask = 2147483647;
			files = (
				82D3D7B02A2F479B006A422B /* chatOnlineUITests.swift in Sources */,
				82D3D7B22A2F479B006A422B /* chatOnlineUITestsLaunchTests.swift in Sources */,
			);
			runOnlyForDeploymentPostprocessing = 0;
		};
/* End PBXSourcesBuildPhase section */

/* Begin PBXTargetDependency section */
		82D3D7A32A2F479B006A422B /* PBXTargetDependency */ = {
			isa = PBXTargetDependency;
			target = 82D3D78B2A2F4799006A422B /* chatOnline */;
			targetProxy = 82D3D7A22A2F479B006A422B /* PBXContainerItemProxy */;
		};
		82D3D7AD2A2F479B006A422B /* PBXTargetDependency */ = {
			isa = PBXTargetDependency;
			target = 82D3D78B2A2F4799006A422B /* chatOnline */;
			targetProxy = 82D3D7AC2A2F479B006A422B /* PBXContainerItemProxy */;
		};
/* End PBXTargetDependency section */

/* Begin XCBuildConfiguration section */
		82D3D7B32A2F479B006A422B /* Debug */ = {
			isa = XCBuildConfiguration;
			buildSettings = {
				ALWAYS_SEARCH_USER_PATHS = NO;
				CLANG_ANALYZER_NONNULL = YES;
				CLANG_ANALYZER_NUMBER_OBJECT_CONVERSION = YES_AGGRESSIVE;
				CLANG_CXX_LANGUAGE_STANDARD = "gnu++20";
				CLANG_ENABLE_MODULES = YES;
				CLANG_ENABLE_OBJC_ARC = YES;
				CLANG_ENABLE_OBJC_WEAK = YES;
				CLANG_WARN_BLOCK_CAPTURE_AUTORELEASING = YES;
				CLANG_WARN_BOOL_CONVERSION = YES;
				CLANG_WARN_COMMA = YES;
				CLANG_WARN_CONSTANT_CONVERSION = YES;
				CLANG_WARN_DEPRECATED_OBJC_IMPLEMENTATIONS = YES;
				CLANG_WARN_DIRECT_OBJC_ISA_USAGE = YES_ERROR;
				CLANG_WARN_DOCUMENTATION_COMMENTS = YES;
				CLANG_WARN_EMPTY_BODY = YES;
				CLANG_WARN_ENUM_CONVERSION = YES;
				CLANG_WARN_INFINITE_RECURSION = YES;
				CLANG_WARN_INT_CONVERSION = YES;
				CLANG_WARN_NON_LITERAL_NULL_CONVERSION = YES;
				CLANG_WARN_OBJC_IMPLICIT_RETAIN_SELF = YES;
				CLANG_WARN_OBJC_LITERAL_CONVERSION = YES;
				CLANG_WARN_OBJC_ROOT_CLASS = YES_ERROR;
				CLANG_WARN_QUOTED_INCLUDE_IN_FRAMEWORK_HEADER = YES;
				CLANG_WARN_RANGE_LOOP_ANALYSIS = YES;
				CLANG_WARN_STRICT_PROTOTYPES = YES;
				CLANG_WARN_SUSPICIOUS_MOVE = YES;
				CLANG_WARN_UNGUARDED_AVAILABILITY = YES_AGGRESSIVE;
				CLANG_WARN_UNREACHABLE_CODE = YES;
				CLANG_WARN__DUPLICATE_METHOD_MATCH = YES;
				COPY_PHASE_STRIP = NO;
				DEBUG_INFORMATION_FORMAT = dwarf;
				ENABLE_STRICT_OBJC_MSGSEND = YES;
				ENABLE_TESTABILITY = YES;
				GCC_C_LANGUAGE_STANDARD = gnu11;
				GCC_DYNAMIC_NO_PIC = NO;
				GCC_NO_COMMON_BLOCKS = YES;
				GCC_OPTIMIZATION_LEVEL = 0;
				GCC_PREPROCESSOR_DEFINITIONS = (
					"DEBUG=1",
					"$(inherited)",
				);
				GCC_WARN_64_TO_32_BIT_CONVERSION = YES;
				GCC_WARN_ABOUT_RETURN_TYPE = YES_ERROR;
				GCC_WARN_UNDECLARED_SELECTOR = YES;
				GCC_WARN_UNINITIALIZED_AUTOS = YES_AGGRESSIVE;
				GCC_WARN_UNUSED_FUNCTION = YES;
				GCC_WARN_UNUSED_VARIABLE = YES;
				IPHONEOS_DEPLOYMENT_TARGET = 16.0;
				MTL_ENABLE_DEBUG_INFO = INCLUDE_SOURCE;
				MTL_FAST_MATH = YES;
				ONLY_ACTIVE_ARCH = YES;
				SDKROOT = iphoneos;
				SWIFT_ACTIVE_COMPILATION_CONDITIONS = DEBUG;
				SWIFT_OPTIMIZATION_LEVEL = "-Onone";
			};
			name = Debug;
		};
		82D3D7B42A2F479B006A422B /* Release */ = {
			isa = XCBuildConfiguration;
			buildSettings = {
				ALWAYS_SEARCH_USER_PATHS = NO;
				CLANG_ANALYZER_NONNULL = YES;
				CLANG_ANALYZER_NUMBER_OBJECT_CONVERSION = YES_AGGRESSIVE;
				CLANG_CXX_LANGUAGE_STANDARD = "gnu++20";
				CLANG_ENABLE_MODULES = YES;
				CLANG_ENABLE_OBJC_ARC = YES;
				CLANG_ENABLE_OBJC_WEAK = YES;
				CLANG_WARN_BLOCK_CAPTURE_AUTORELEASING = YES;
				CLANG_WARN_BOOL_CONVERSION = YES;
				CLANG_WARN_COMMA = YES;
				CLANG_WARN_CONSTANT_CONVERSION = YES;
				CLANG_WARN_DEPRECATED_OBJC_IMPLEMENTATIONS = YES;
				CLANG_WARN_DIRECT_OBJC_ISA_USAGE = YES_ERROR;
				CLANG_WARN_DOCUMENTATION_COMMENTS = YES;
				CLANG_WARN_EMPTY_BODY = YES;
				CLANG_WARN_ENUM_CONVERSION = YES;
				CLANG_WARN_INFINITE_RECURSION = YES;
				CLANG_WARN_INT_CONVERSION = YES;
				CLANG_WARN_NON_LITERAL_NULL_CONVERSION = YES;
				CLANG_WARN_OBJC_IMPLICIT_RETAIN_SELF = YES;
				CLANG_WARN_OBJC_LITERAL_CONVERSION = YES;
				CLANG_WARN_OBJC_ROOT_CLASS = YES_ERROR;
				CLANG_WARN_QUOTED_INCLUDE_IN_FRAMEWORK_HEADER = YES;
				CLANG_WARN_RANGE_LOOP_ANALYSIS = YES;
				CLANG_WARN_STRICT_PROTOTYPES = YES;
				CLANG_WARN_SUSPICIOUS_MOVE = YES;
				CLANG_WARN_UNGUARDED_AVAILABILITY = YES_AGGRESSIVE;
				CLANG_WARN_UNREACHABLE_CODE = YES;
				CLANG_WARN__DUPLICATE_METHOD_MATCH = YES;
				COPY_PHASE_STRIP = NO;
				DEBUG_INFORMATION_FORMAT = "dwarf-with-dsym";
				ENABLE_NS_ASSERTIONS = NO;
				ENABLE_STRICT_OBJC_MSGSEND = YES;
				GCC_C_LANGUAGE_STANDARD = gnu11;
				GCC_NO_COMMON_BLOCKS = YES;
				GCC_WARN_64_TO_32_BIT_CONVERSION = YES;
				GCC_WARN_ABOUT_RETURN_TYPE = YES_ERROR;
				GCC_WARN_UNDECLARED_SELECTOR = YES;
				GCC_WARN_UNINITIALIZED_AUTOS = YES_AGGRESSIVE;
				GCC_WARN_UNUSED_FUNCTION = YES;
				GCC_WARN_UNUSED_VARIABLE = YES;
				IPHONEOS_DEPLOYMENT_TARGET = 16.0;
				MTL_ENABLE_DEBUG_INFO = NO;
				MTL_FAST_MATH = YES;
				SDKROOT = iphoneos;
				SWIFT_COMPILATION_MODE = wholemodule;
				SWIFT_OPTIMIZATION_LEVEL = "-O";
				VALIDATE_PRODUCT = YES;
			};
			name = Release;
		};
		82D3D7B62A2F479B006A422B /* Debug */ = {
			isa = XCBuildConfiguration;
			buildSettings = {
				ASSETCATALOG_COMPILER_APPICON_NAME = AppIcon;
				ASSETCATALOG_COMPILER_GLOBAL_ACCENT_COLOR_NAME = AccentColor;
				CODE_SIGN_STYLE = Automatic;
				CURRENT_PROJECT_VERSION = 1;
				DEVELOPMENT_ASSET_PATHS = "\"chatOnline/Preview Content\"";
				DEVELOPMENT_TEAM = TGD6Z8TH3U;
				ENABLE_PREVIEWS = YES;
				GENERATE_INFOPLIST_FILE = YES;
				INFOPLIST_KEY_UIApplicationSceneManifest_Generation = YES;
				INFOPLIST_KEY_UIApplicationSupportsIndirectInputEvents = YES;
				INFOPLIST_KEY_UILaunchScreen_Generation = YES;
				INFOPLIST_KEY_UISupportedInterfaceOrientations_iPad = "UIInterfaceOrientationPortrait UIInterfaceOrientationPortraitUpsideDown UIInterfaceOrientationLandscapeLeft UIInterfaceOrientationLandscapeRight";
				INFOPLIST_KEY_UISupportedInterfaceOrientations_iPhone = "UIInterfaceOrientationPortrait UIInterfaceOrientationLandscapeLeft UIInterfaceOrientationLandscapeRight";
				LD_RUNPATH_SEARCH_PATHS = (
					"$(inherited)",
					"@executable_path/Frameworks",
				);
				MARKETING_VERSION = 1.0;
				PRODUCT_BUNDLE_IDENTIFIER = engylizium.chatOnline;
				PRODUCT_NAME = "$(TARGET_NAME)";
				SWIFT_EMIT_LOC_STRINGS = YES;
				SWIFT_VERSION = 5.0;
				TARGETED_DEVICE_FAMILY = "1,2";
			};
			name = Debug;
		};
		82D3D7B72A2F479B006A422B /* Release */ = {
			isa = XCBuildConfiguration;
			buildSettings = {
				ASSETCATALOG_COMPILER_APPICON_NAME = AppIcon;
				ASSETCATALOG_COMPILER_GLOBAL_ACCENT_COLOR_NAME = AccentColor;
				CODE_SIGN_STYLE = Automatic;
				CURRENT_PROJECT_VERSION = 1;
				DEVELOPMENT_ASSET_PATHS = "\"chatOnline/Preview Content\"";
				DEVELOPMENT_TEAM = TGD6Z8TH3U;
				ENABLE_PREVIEWS = YES;
				GENERATE_INFOPLIST_FILE = YES;
				INFOPLIST_KEY_UIApplicationSceneManifest_Generation = YES;
				INFOPLIST_KEY_UIApplicationSupportsIndirectInputEvents = YES;
				INFOPLIST_KEY_UILaunchScreen_Generation = YES;
				INFOPLIST_KEY_UISupportedInterfaceOrientations_iPad = "UIInterfaceOrientationPortrait UIInterfaceOrientationPortraitUpsideDown UIInterfaceOrientationLandscapeLeft UIInterfaceOrientationLandscapeRight";
				INFOPLIST_KEY_UISupportedInterfaceOrientations_iPhone = "UIInterfaceOrientationPortrait UIInterfaceOrientationLandscapeLeft UIInterfaceOrientationLandscapeRight";
				LD_RUNPATH_SEARCH_PATHS = (
					"$(inherited)",
					"@executable_path/Frameworks",
				);
				MARKETING_VERSION = 1.0;
				PRODUCT_BUNDLE_IDENTIFIER = engylizium.chatOnline;
				PRODUCT_NAME = "$(TARGET_NAME)";
				SWIFT_EMIT_LOC_STRINGS = YES;
				SWIFT_VERSION = 5.0;
				TARGETED_DEVICE_FAMILY = "1,2";
			};
			name = Release;
		};
		82D3D7B92A2F479B006A422B /* Debug */ = {
			isa = XCBuildConfiguration;
			buildSettings = {
				ALWAYS_EMBED_SWIFT_STANDARD_LIBRARIES = YES;
				BUNDLE_LOADER = "$(TEST_HOST)";
				CODE_SIGN_STYLE = Automatic;
				CURRENT_PROJECT_VERSION = 1;
				DEVELOPMENT_TEAM = TGD6Z8TH3U;
				GENERATE_INFOPLIST_FILE = YES;
				IPHONEOS_DEPLOYMENT_TARGET = 16.0;
				MARKETING_VERSION = 1.0;
				PRODUCT_BUNDLE_IDENTIFIER = engylizium.chatOnlineTests;
				PRODUCT_NAME = "$(TARGET_NAME)";
				SWIFT_EMIT_LOC_STRINGS = NO;
				SWIFT_VERSION = 5.0;
				TARGETED_DEVICE_FAMILY = "1,2";
				TEST_HOST = "$(BUILT_PRODUCTS_DIR)/chatOnline.app/$(BUNDLE_EXECUTABLE_FOLDER_PATH)/chatOnline";
			};
			name = Debug;
		};
		82D3D7BA2A2F479B006A422B /* Release */ = {
			isa = XCBuildConfiguration;
			buildSettings = {
				ALWAYS_EMBED_SWIFT_STANDARD_LIBRARIES = YES;
				BUNDLE_LOADER = "$(TEST_HOST)";
				CODE_SIGN_STYLE = Automatic;
				CURRENT_PROJECT_VERSION = 1;
				DEVELOPMENT_TEAM = TGD6Z8TH3U;
				GENERATE_INFOPLIST_FILE = YES;
				IPHONEOS_DEPLOYMENT_TARGET = 16.0;
				MARKETING_VERSION = 1.0;
				PRODUCT_BUNDLE_IDENTIFIER = engylizium.chatOnlineTests;
				PRODUCT_NAME = "$(TARGET_NAME)";
				SWIFT_EMIT_LOC_STRINGS = NO;
				SWIFT_VERSION = 5.0;
				TARGETED_DEVICE_FAMILY = "1,2";
				TEST_HOST = "$(BUILT_PRODUCTS_DIR)/chatOnline.app/$(BUNDLE_EXECUTABLE_FOLDER_PATH)/chatOnline";
			};
			name = Release;
		};
		82D3D7BC2A2F479B006A422B /* Debug */ = {
			isa = XCBuildConfiguration;
			buildSettings = {
				ALWAYS_EMBED_SWIFT_STANDARD_LIBRARIES = YES;
				CODE_SIGN_STYLE = Automatic;
				CURRENT_PROJECT_VERSION = 1;
				DEVELOPMENT_TEAM = TGD6Z8TH3U;
				GENERATE_INFOPLIST_FILE = YES;
				MARKETING_VERSION = 1.0;
				PRODUCT_BUNDLE_IDENTIFIER = engylizium.chatOnlineUITests;
				PRODUCT_NAME = "$(TARGET_NAME)";
				SWIFT_EMIT_LOC_STRINGS = NO;
				SWIFT_VERSION = 5.0;
				TARGETED_DEVICE_FAMILY = "1,2";
				TEST_TARGET_NAME = chatOnline;
			};
			name = Debug;
		};
		82D3D7BD2A2F479B006A422B /* Release */ = {
			isa = XCBuildConfiguration;
			buildSettings = {
				ALWAYS_EMBED_SWIFT_STANDARD_LIBRARIES = YES;
				CODE_SIGN_STYLE = Automatic;
				CURRENT_PROJECT_VERSION = 1;
				DEVELOPMENT_TEAM = TGD6Z8TH3U;
				GENERATE_INFOPLIST_FILE = YES;
				MARKETING_VERSION = 1.0;
				PRODUCT_BUNDLE_IDENTIFIER = engylizium.chatOnlineUITests;
				PRODUCT_NAME = "$(TARGET_NAME)";
				SWIFT_EMIT_LOC_STRINGS = NO;
				SWIFT_VERSION = 5.0;
				TARGETED_DEVICE_FAMILY = "1,2";
				TEST_TARGET_NAME = chatOnline;
			};
			name = Release;
		};
/* End XCBuildConfiguration section */

/* Begin XCConfigurationList section */
		82D3D7872A2F4799006A422B /* Build configuration list for PBXProject "chatOnline" */ = {
			isa = XCConfigurationList;
			buildConfigurations = (
				82D3D7B32A2F479B006A422B /* Debug */,
				82D3D7B42A2F479B006A422B /* Release */,
			);
			defaultConfigurationIsVisible = 0;
			defaultConfigurationName = Release;
		};
		82D3D7B52A2F479B006A422B /* Build configuration list for PBXNativeTarget "chatOnline" */ = {
			isa = XCConfigurationList;
			buildConfigurations = (
				82D3D7B62A2F479B006A422B /* Debug */,
				82D3D7B72A2F479B006A422B /* Release */,
			);
			defaultConfigurationIsVisible = 0;
			defaultConfigurationName = Release;
		};
		82D3D7B82A2F479B006A422B /* Build configuration list for PBXNativeTarget "chatOnlineTests" */ = {
			isa = XCConfigurationList;
			buildConfigurations = (
				82D3D7B92A2F479B006A422B /* Debug */,
				82D3D7BA2A2F479B006A422B /* Release */,
			);
			defaultConfigurationIsVisible = 0;
			defaultConfigurationName = Release;
		};
		82D3D7BB2A2F479B006A422B /* Build configuration list for PBXNativeTarget "chatOnlineUITests" */ = {
			isa = XCConfigurationList;
			buildConfigurations = (
				82D3D7BC2A2F479B006A422B /* Debug */,
				82D3D7BD2A2F479B006A422B /* Release */,
			);
			defaultConfigurationIsVisible = 0;
			defaultConfigurationName = Release;
		};
/* End XCConfigurationList section */

/* Begin XCVersionGroup section */
		82D3D79A2A2F479B006A422B /* chatOnline.xcdatamodeld */ = {
			isa = XCVersionGroup;
			children = (
				82D3D79B2A2F479B006A422B /* chatOnline.xcdatamodel */,
			);
			currentVersion = 82D3D79B2A2F479B006A422B /* chatOnline.xcdatamodel */;
			path = chatOnline.xcdatamodeld;
			sourceTree = "<group>";
			versionGroupType = wrapper.xcdatamodel;
		};
/* End XCVersionGroup section */
	};
	rootObject = 82D3D7842A2F4799006A422B /* Project object */;
}
